[root]
name = "rusti"
version = "0.0.1"
dependencies = [
 "getopts 0.2.1 (registry+https://github.com/rust-lang/crates.io-index)",
 "log 0.2.2 (registry+https://github.com/rust-lang/crates.io-index)",
]

[[package]]
name = "getopts"
version = "0.2.1"
source = "registry+https://github.com/rust-lang/crates.io-index"
dependencies = [
 "log 0.2.2 (registry+https://github.com/rust-lang/crates.io-index)",
]

[[package]]
name = "log"
version = "0.2.2"
source = "registry+https://github.com/rust-lang/crates.io-index"

